{
  "name": "study-monorepo-main",
  "version": "1.0.0",
  "lockfileVersion": 3,
  "requires": true,
  "packages": {
    "": {
      "name": "study-monorepo-main",
      "version": "1.0.0",
      "license": "ISC",
      "workspaces": [
        "lib",
        "component"
      ]
    },
    "component": {
      "version": "1.0.0",
      "license": "ISC",
      "devDependencies": {}
    },
    "lib": {
      "version": "1.0.0",
      "license": "ISC"
    },
    "node_modules/component": {
      "resolved": "component",
      "link": true
    },
    "node_modules/lib": {
      "resolved": "lib",
      "link": true
    }
  }
}
